
Microsoft Visual Studio Solution File, Format Version 12.00
# Visual Studio 14
VisualStudioVersion = 14.0.24720.0
MinimumVisualStudioVersion = 10.0.40219.1
Project("{FAE04EC0-301F-11D3-BF4B-00C04F79EFBC}") = "Grome.WebApi", "Grome.WebApi\Grome.WebApi.csproj", "{A07D9CBF-9E1B-4AD8-ABD2-C6C8A2FD34EF}"
EndProject
Project("{FAE04EC0-301F-11D3-BF4B-00C04F79EFBC}") = "Grome.DataAccess", "Grome.DataAccess\Grome.DataAccess.csproj", "{CE9EDCDC-64E7-4E1D-AA03-ABB34A2C7127}"
EndProject
Project("{00D1A9C2-B5F0-4AF3-8072-F6C62B433612}") = "Grome.DbMigrations", "Grome.DbMigrations\Grome.DbMigrations.sqlproj", "{BBF94052-AC90-4CFF-B9C8-6788D23AD913}"
EndProject
Global
	GlobalSection(SolutionConfigurationPlatforms) = preSolution
		Debug|Any CPU = Debug|Any CPU
		Release|Any CPU = Release|Any CPU
	EndGlobalSection
	GlobalSection(ProjectConfigurationPlatforms) = postSolution
		{A07D9CBF-9E1B-4AD8-ABD2-C6C8A2FD34EF}.Debug|Any CPU.ActiveCfg = Debug|Any CPU
		{A07D9CBF-9E1B-4AD8-ABD2-C6C8A2FD34EF}.Debug|Any CPU.Build.0 = Debug|Any CPU
		{A07D9CBF-9E1B-4AD8-ABD2-C6C8A2FD34EF}.Release|Any CPU.ActiveCfg = Release|Any CPU
		{A07D9CBF-9E1B-4AD8-ABD2-C6C8A2FD34EF}.Release|Any CPU.Build.0 = Release|Any CPU
		{CE9EDCDC-64E7-4E1D-AA03-ABB34A2C7127}.Debug|Any CPU.ActiveCfg = Debug|Any CPU
		{CE9EDCDC-64E7-4E1D-AA03-ABB34A2C7127}.Debug|Any CPU.Build.0 = Debug|Any CPU
		{CE9EDCDC-64E7-4E1D-AA03-ABB34A2C7127}.Release|Any CPU.ActiveCfg = Release|Any CPU
		{CE9EDCDC-64E7-4E1D-AA03-ABB34A2C7127}.Release|Any CPU.Build.0 = Release|Any CPU
		{BBF94052-AC90-4CFF-B9C8-6788D23AD913}.Debug|Any CPU.ActiveCfg = Debug|Any CPU
		{BBF94052-AC90-4CFF-B9C8-6788D23AD913}.Debug|Any CPU.Build.0 = Debug|Any CPU
		{BBF94052-AC90-4CFF-B9C8-6788D23AD913}.Debug|Any CPU.Deploy.0 = Debug|Any CPU
		{BBF94052-AC90-4CFF-B9C8-6788D23AD913}.Release|Any CPU.ActiveCfg = Release|Any CPU
		{BBF94052-AC90-4CFF-B9C8-6788D23AD913}.Release|Any CPU.Build.0 = Release|Any CPU
		{BBF94052-AC90-4CFF-B9C8-6788D23AD913}.Release|Any CPU.Deploy.0 = Release|Any CPU
	EndGlobalSection
	GlobalSection(SolutionProperties) = preSolution
		HideSolutionNode = FALSE
	EndGlobalSection
EndGlobal
